// !$*UTF8*$!
{
	archiveVersion = 1;
	classes = {
	};
	objectVersion = 56;
	objects = {

/* Begin PBXBuildFile section */
		AC956081297909CF0071EC35 /* TestCategoryAppApp.swift in Sources */ = {isa = PBXBuildFile; fileRef = AC956080297909CF0071EC35 /* TestCategoryAppApp.swift */; };
		AC956083297909CF0071EC35 /* ContentView.swift in Sources */ = {isa = PBXBuildFile; fileRef = AC956082297909CF0071EC35 /* ContentView.swift */; };
		AC956085297909D00071EC35 /* Assets.xcassets in Resources */ = {isa = PBXBuildFile; fileRef = AC956084297909D00071EC35 /* Assets.xcassets */; };
		AC956088297909D00071EC35 /* Preview Assets.xcassets in Resources */ = {isa = PBXBuildFile; fileRef = AC956087297909D00071EC35 /* Preview Assets.xcassets */; };
		AC95608A297909D00071EC35 /* Persistence.swift in Sources */ = {isa = PBXBuildFile; fileRef = AC956089297909D00071EC35 /* Persistence.swift */; };
		AC95608D297909D00071EC35 /* TestCategoryApp.xcdatamodeld in Sources */ = {isa = PBXBuildFile; fileRef = AC95608B297909D00071EC35 /* TestCategoryApp.xcdatamodeld */; };
		AC956097297909D00071EC35 /* TestCategoryAppTests.swift in Sources */ = {isa = PBXBuildFile; fileRef = AC956096297909D00071EC35 /* TestCategoryAppTests.swift */; };
		AC9560A1297909D00071EC35 /* TestCategoryAppUITests.swift in Sources */ = {isa = PBXBuildFile; fileRef = AC9560A0297909D00071EC35 /* TestCategoryAppUITests.swift */; };
		AC9560A3297909D00071EC35 /* TestCategoryAppUITestsLaunchTests.swift in Sources */ = {isa = PBXBuildFile; fileRef = AC9560A2297909D00071EC35 /* TestCategoryAppUITestsLaunchTests.swift */; };
/* End PBXBuildFile section */

/* Begin PBXContainerItemProxy section */
		AC956093297909D00071EC35 /* PBXContainerItemProxy */ = {
			isa = PBXContainerItemProxy;
			containerPortal = AC956075297909CF0071EC35 /* Project object */;
			proxyType = 1;
			remoteGlobalIDString = AC95607C297909CF0071EC35;
			remoteInfo = TestCategoryApp;
		};
		AC95609D297909D00071EC35 /* PBXContainerItemProxy */ = {
			isa = PBXContainerItemProxy;
			containerPortal = AC956075297909CF0071EC35 /* Project object */;
			proxyType = 1;
			remoteGlobalIDString = AC95607C297909CF0071EC35;
			remoteInfo = TestCategoryApp;
		};
/* End PBXContainerItemProxy section */

/* Begin PBXFileReference section */
		AC95607D297909CF0071EC35 /* TestCategoryApp.app */ = {isa = PBXFileReference; explicitFileType = wrapper.application; includeInIndex = 0; path = TestCategoryApp.app; sourceTree = BUILT_PRODUCTS_DIR; };
		AC956080297909CF0071EC35 /* TestCategoryAppApp.swift */ = {isa = PBXFileReference; lastKnownFileType = sourcecode.swift; path = TestCategoryAppApp.swift; sourceTree = "<group>"; };
		AC956082297909CF0071EC35 /* ContentView.swift */ = {isa = PBXFileReference; lastKnownFileType = sourcecode.swift; path = ContentView.swift; sourceTree = "<group>"; };
		AC956084297909D00071EC35 /* Assets.xcassets */ = {isa = PBXFileReference; lastKnownFileType = folder.assetcatalog; path = Assets.xcassets; sourceTree = "<group>"; };
		AC956087297909D00071EC35 /* Preview Assets.xcassets */ = {isa = PBXFileReference; lastKnownFileType = folder.assetcatalog; path = "Preview Assets.xcassets"; sourceTree = "<group>"; };
		AC956089297909D00071EC35 /* Persistence.swift */ = {isa = PBXFileReference; lastKnownFileType = sourcecode.swift; path = Persistence.swift; sourceTree = "<group>"; };
		AC95608C297909D00071EC35 /* TestCategoryApp.xcdatamodel */ = {isa = PBXFileReference; lastKnownFileType = wrapper.xcdatamodel; path = TestCategoryApp.xcdatamodel; sourceTree = "<group>"; };
		AC956092297909D00071EC35 /* TestCategoryAppTests.xctest */ = {isa = PBXFileReference; explicitFileType = wrapper.cfbundle; includeInIndex = 0; path = TestCategoryAppTests.xctest; sourceTree = BUILT_PRODUCTS_DIR; };
		AC956096297909D00071EC35 /* TestCategoryAppTests.swift */ = {isa = PBXFileReference; lastKnownFileType = sourcecode.swift; path = TestCategoryAppTests.swift; sourceTree = "<group>"; };
		AC95609C297909D00071EC35 /* TestCategoryAppUITests.xctest */ = {isa = PBXFileReference; explicitFileType = wrapper.cfbundle; includeInIndex = 0; path = TestCategoryAppUITests.xctest; sourceTree = BUILT_PRODUCTS_DIR; };
		AC9560A0297909D00071EC35 /* TestCategoryAppUITests.swift */ = {isa = PBXFileReference; lastKnownFileType = sourcecode.swift; path = TestCategoryAppUITests.swift; sourceTree = "<group>"; };
		AC9560A2297909D00071EC35 /* TestCategoryAppUITestsLaunchTests.swift */ = {isa = PBXFileReference; lastKnownFileType = sourcecode.swift; path = TestCategoryAppUITestsLaunchTests.swift; sourceTree = "<group>"; };
/* End PBXFileReference section */

/* Begin PBXFrameworksBuildPhase section */
		AC95607A297909CF0071EC35 /* Frameworks */ = {
			isa = PBXFrameworksBuildPhase;
			buildActionMask = 2147483647;
			files = (
			);
			runOnlyForDeploymentPostprocessing = 0;
		};
		AC95608F297909D00071EC35 /* Frameworks */ = {
			isa = PBXFrameworksBuildPhase;
			buildActionMask = 2147483647;
			files = (
			);
			runOnlyForDeploymentPostprocessing = 0;
		};
		AC956099297909D00071EC35 /* Frameworks */ = {
			isa = PBXFrameworksBuildPhase;
			buildActionMask = 2147483647;
			files = (
			);
			runOnlyForDeploymentPostprocessing = 0;
		};
/* End PBXFrameworksBuildPhase section */

/* Begin PBXGroup section */
		AC956074297909CF0071EC35 = {
			isa = PBXGroup;
			children = (
				AC95607F297909CF0071EC35 /* TestCategoryApp */,
				AC956095297909D00071EC35 /* TestCategoryAppTests */,
				AC95609F297909D00071EC35 /* TestCategoryAppUITests */,
				AC95607E297909CF0071EC35 /* Products */,
			);
			sourceTree = "<group>";
		};
		AC95607E297909CF0071EC35 /* Products */ = {
			isa = PBXGroup;
			children = (
				AC95607D297909CF0071EC35 /* TestCategoryApp.app */,
				AC956092297909D00071EC35 /* TestCategoryAppTests.xctest */,
				AC95609C297909D00071EC35 /* TestCategoryAppUITests.xctest */,
			);
			name = Products;
			sourceTree = "<group>";
		};
		AC95607F297909CF0071EC35 /* TestCategoryApp */ = {
			isa = PBXGroup;
			children = (
				AC956080297909CF0071EC35 /* TestCategoryAppApp.swift */,
				AC956082297909CF0071EC35 /* ContentView.swift */,
				AC956084297909D00071EC35 /* Assets.xcassets */,
				AC956089297909D00071EC35 /* Persistence.swift */,
				AC95608B297909D00071EC35 /* TestCategoryApp.xcdatamodeld */,
				AC956086297909D00071EC35 /* Preview Content */,
			);
			path = TestCategoryApp;
			sourceTree = "<group>";
		};
		AC956086297909D00071EC35 /* Preview Content */ = {
			isa = PBXGroup;
			children = (
				AC956087297909D00071EC35 /* Preview Assets.xcassets */,
			);
			path = "Preview Content";
			sourceTree = "<group>";
		};
		AC956095297909D00071EC35 /* TestCategoryAppTests */ = {
			isa = PBXGroup;
			children = (
				AC956096297909D00071EC35 /* TestCategoryAppTests.swift */,
			);
			path = TestCategoryAppTests;
			sourceTree = "<group>";
		};
		AC95609F297909D00071EC35 /* TestCategoryAppUITests */ = {
			isa = PBXGroup;
			children = (
				AC9560A0297909D00071EC35 /* TestCategoryAppUITests.swift */,
				AC9560A2297909D00071EC35 /* TestCategoryAppUITestsLaunchTests.swift */,
			);
			path = TestCategoryAppUITests;
			sourceTree = "<group>";
		};
/* End PBXGroup section */

/* Begin PBXNativeTarget section */
		AC95607C297909CF0071EC35 /* TestCategoryApp */ = {
			isa = PBXNativeTarget;
			buildConfigurationList = AC9560A6297909D00071EC35 /* Build configuration list for PBXNativeTarget "TestCategoryApp" */;
			buildPhases = (
				AC956079297909CF0071EC35 /* Sources */,
				AC95607A297909CF0071EC35 /* Frameworks */,
				AC95607B297909CF0071EC35 /* Resources */,
			);
			buildRules = (
			);
			dependencies = (
			);
			name = TestCategoryApp;
			productName = TestCategoryApp;
			productReference = AC95607D297909CF0071EC35 /* TestCategoryApp.app */;
			productType = "com.apple.product-type.application";
		};
		AC956091297909D00071EC35 /* TestCategoryAppTests */ = {
			isa = PBXNativeTarget;
			buildConfigurationList = AC9560A9297909D00071EC35 /* Build configuration list for PBXNativeTarget "TestCategoryAppTests" */;
			buildPhases = (
				AC95608E297909D00071EC35 /* Sources */,
				AC95608F297909D00071EC35 /* Frameworks */,
				AC956090297909D00071EC35 /* Resources */,
			);
			buildRules = (
			);
			dependencies = (
				AC956094297909D00071EC35 /* PBXTargetDependency */,
			);
			name = TestCategoryAppTests;
			productName = TestCategoryAppTests;
			productReference = AC956092297909D00071EC35 /* TestCategoryAppTests.xctest */;
			productType = "com.apple.product-type.bundle.unit-test";
		};
		AC95609B297909D00071EC35 /* TestCategoryAppUITests */ = {
			isa = PBXNativeTarget;
			buildConfigurationList = AC9560AC297909D00071EC35 /* Build configuration list for PBXNativeTarget "TestCategoryAppUITests" */;
			buildPhases = (
				AC956098297909D00071EC35 /* Sources */,
				AC956099297909D00071EC35 /* Frameworks */,
				AC95609A297909D00071EC35 /* Resources */,
			);
			buildRules = (
			);
			dependencies = (
				AC95609E297909D00071EC35 /* PBXTargetDependency */,
			);
			name = TestCategoryAppUITests;
			productName = TestCategoryAppUITests;
			productReference = AC95609C297909D00071EC35 /* TestCategoryAppUITests.xctest */;
			productType = "com.apple.product-type.bundle.ui-testing";
		};
/* End PBXNativeTarget section */

/* Begin PBXProject section */
		AC956075297909CF0071EC35 /* Project object */ = {
			isa = PBXProject;
			attributes = {
				BuildIndependentTargetsInParallel = 1;
				LastSwiftUpdateCheck = 1410;
				LastUpgradeCheck = 1410;
				TargetAttributes = {
					AC95607C297909CF0071EC35 = {
						CreatedOnToolsVersion = 14.1;
					};
					AC956091297909D00071EC35 = {
						CreatedOnToolsVersion = 14.1;
						TestTargetID = AC95607C297909CF0071EC35;
					};
					AC95609B297909D00071EC35 = {
						CreatedOnToolsVersion = 14.1;
						TestTargetID = AC95607C297909CF0071EC35;
					};
				};
			};
			buildConfigurationList = AC956078297909CF0071EC35 /* Build configuration list for PBXProject "TestCategoryApp" */;
			compatibilityVersion = "Xcode 14.0";
			developmentRegion = en;
			hasScannedForEncodings = 0;
			knownRegions = (
				en,
				Base,
			);
			mainGroup = AC956074297909CF0071EC35;
			productRefGroup = AC95607E297909CF0071EC35 /* Products */;
			projectDirPath = "";
			projectRoot = "";
			targets = (
				AC95607C297909CF0071EC35 /* TestCategoryApp */,
				AC956091297909D00071EC35 /* TestCategoryAppTests */,
				AC95609B297909D00071EC35 /* TestCategoryAppUITests */,
			);
		};
/* End PBXProject section */

/* Begin PBXResourcesBuildPhase section */
		AC95607B297909CF0071EC35 /* Resources */ = {
			isa = PBXResourcesBuildPhase;
			buildActionMask = 2147483647;
			files = (
				AC956088297909D00071EC35 /* Preview Assets.xcassets in Resources */,
				AC956085297909D00071EC35 /* Assets.xcassets in Resources */,
			);
			runOnlyForDeploymentPostprocessing = 0;
		};
		AC956090297909D00071EC35 /* Resources */ = {
			isa = PBXResourcesBuildPhase;
			buildActionMask = 2147483647;
			files = (
			);
			runOnlyForDeploymentPostprocessing = 0;
		};
		AC95609A297909D00071EC35 /* Resources */ = {
			isa = PBXResourcesBuildPhase;
			buildActionMask = 2147483647;
			files = (
			);
			runOnlyForDeploymentPostprocessing = 0;
		};
/* End PBXResourcesBuildPhase section */

/* Begin PBXSourcesBuildPhase section */
		AC956079297909CF0071EC35 /* Sources */ = {
			isa = PBXSourcesBuildPhase;
			buildActionMask = 2147483647;
			files = (
				AC95608A297909D00071EC35 /* Persistence.swift in Sources */,
				AC956083297909CF0071EC35 /* ContentView.swift in Sources */,
				AC956081297909CF0071EC35 /* TestCategoryAppApp.swift in Sources */,
				AC95608D297909D00071EC35 /* TestCategoryApp.xcdatamodeld in Sources */,
			);
			runOnlyForDeploymentPostprocessing = 0;
		};
		AC95608E297909D00071EC35 /* Sources */ = {
			isa = PBXSourcesBuildPhase;
			buildActionMask = 2147483647;
			files = (
				AC956097297909D00071EC35 /* TestCategoryAppTests.swift in Sources */,
			);
			runOnlyForDeploymentPostprocessing = 0;
		};
		AC956098297909D00071EC35 /* Sources */ = {
			isa = PBXSourcesBuildPhase;
			buildActionMask = 2147483647;
			files = (
				AC9560A3297909D00071EC35 /* TestCategoryAppUITestsLaunchTests.swift in Sources */,
				AC9560A1297909D00071EC35 /* TestCategoryAppUITests.swift in Sources */,
			);
			runOnlyForDeploymentPostprocessing = 0;
		};
/* End PBXSourcesBuildPhase section */

/* Begin PBXTargetDependency section */
		AC956094297909D00071EC35 /* PBXTargetDependency */ = {
			isa = PBXTargetDependency;
			target = AC95607C297909CF0071EC35 /* TestCategoryApp */;
			targetProxy = AC956093297909D00071EC35 /* PBXContainerItemProxy */;
		};
		AC95609E297909D00071EC35 /* PBXTargetDependency */ = {
			isa = PBXTargetDependency;
			target = AC95607C297909CF0071EC35 /* TestCategoryApp */;
			targetProxy = AC95609D297909D00071EC35 /* PBXContainerItemProxy */;
		};
/* End PBXTargetDependency section */

/* Begin XCBuildConfiguration section */
		AC9560A4297909D00071EC35 /* Debug */ = {
			isa = XCBuildConfiguration;
			buildSettings = {
				ALWAYS_SEARCH_USER_PATHS = NO;
				CLANG_ANALYZER_NONNULL = YES;
				CLANG_ANALYZER_NUMBER_OBJECT_CONVERSION = YES_AGGRESSIVE;
				CLANG_CXX_LANGUAGE_STANDARD = "gnu++20";
				CLANG_ENABLE_MODULES = YES;
				CLANG_ENABLE_OBJC_ARC = YES;
				CLANG_ENABLE_OBJC_WEAK = YES;
				CLANG_WARN_BLOCK_CAPTURE_AUTORELEASING = YES;
				CLANG_WARN_BOOL_CONVERSION = YES;
				CLANG_WARN_COMMA = YES;
				CLANG_WARN_CONSTANT_CONVERSION = YES;
				CLANG_WARN_DEPRECATED_OBJC_IMPLEMENTATIONS = YES;
				CLANG_WARN_DIRECT_OBJC_ISA_USAGE = YES_ERROR;
				CLANG_WARN_DOCUMENTATION_COMMENTS = YES;
				CLANG_WARN_EMPTY_BODY = YES;
				CLANG_WARN_ENUM_CONVERSION = YES;
				CLANG_WARN_INFINITE_RECURSION = YES;
				CLANG_WARN_INT_CONVERSION = YES;
				CLANG_WARN_NON_LITERAL_NULL_CONVERSION = YES;
				CLANG_WARN_OBJC_IMPLICIT_RETAIN_SELF = YES;
				CLANG_WARN_OBJC_LITERAL_CONVERSION = YES;
				CLANG_WARN_OBJC_ROOT_CLASS = YES_ERROR;
				CLANG_WARN_QUOTED_INCLUDE_IN_FRAMEWORK_HEADER = YES;
				CLANG_WARN_RANGE_LOOP_ANALYSIS = YES;
				CLANG_WARN_STRICT_PROTOTYPES = YES;
				CLANG_WARN_SUSPICIOUS_MOVE = YES;
				CLANG_WARN_UNGUARDED_AVAILABILITY = YES_AGGRESSIVE;
				CLANG_WARN_UNREACHABLE_CODE = YES;
				CLANG_WARN__DUPLICATE_METHOD_MATCH = YES;
				COPY_PHASE_STRIP = NO;
				DEBUG_INFORMATION_FORMAT = dwarf;
				ENABLE_STRICT_OBJC_MSGSEND = YES;
				ENABLE_TESTABILITY = YES;
				GCC_C_LANGUAGE_STANDARD = gnu11;
				GCC_DYNAMIC_NO_PIC = NO;
				GCC_NO_COMMON_BLOCKS = YES;
				GCC_OPTIMIZATION_LEVEL = 0;
				GCC_PREPROCESSOR_DEFINITIONS = (
					"DEBUG=1",
					"$(inherited)",
				);
				GCC_WARN_64_TO_32_BIT_CONVERSION = YES;
				GCC_WARN_ABOUT_RETURN_TYPE = YES_ERROR;
				GCC_WARN_UNDECLARED_SELECTOR = YES;
				GCC_WARN_UNINITIALIZED_AUTOS = YES_AGGRESSIVE;
				GCC_WARN_UNUSED_FUNCTION = YES;
				GCC_WARN_UNUSED_VARIABLE = YES;
				IPHONEOS_DEPLOYMENT_TARGET = 16.1;
				MTL_ENABLE_DEBUG_INFO = INCLUDE_SOURCE;
				MTL_FAST_MATH = YES;
				ONLY_ACTIVE_ARCH = YES;
				SDKROOT = iphoneos;
				SWIFT_ACTIVE_COMPILATION_CONDITIONS = DEBUG;
				SWIFT_OPTIMIZATION_LEVEL = "-Onone";
			};
			name = Debug;
		};
		AC9560A5297909D00071EC35 /* Release */ = {
			isa = XCBuildConfiguration;
			buildSettings = {
				ALWAYS_SEARCH_USER_PATHS = NO;
				CLANG_ANALYZER_NONNULL = YES;
				CLANG_ANALYZER_NUMBER_OBJECT_CONVERSION = YES_AGGRESSIVE;
				CLANG_CXX_LANGUAGE_STANDARD = "gnu++20";
				CLANG_ENABLE_MODULES = YES;
				CLANG_ENABLE_OBJC_ARC = YES;
				CLANG_ENABLE_OBJC_WEAK = YES;
				CLANG_WARN_BLOCK_CAPTURE_AUTORELEASING = YES;
				CLANG_WARN_BOOL_CONVERSION = YES;
				CLANG_WARN_COMMA = YES;
				CLANG_WARN_CONSTANT_CONVERSION = YES;
				CLANG_WARN_DEPRECATED_OBJC_IMPLEMENTATIONS = YES;
				CLANG_WARN_DIRECT_OBJC_ISA_USAGE = YES_ERROR;
				CLANG_WARN_DOCUMENTATION_COMMENTS = YES;
				CLANG_WARN_EMPTY_BODY = YES;
				CLANG_WARN_ENUM_CONVERSION = YES;
				CLANG_WARN_INFINITE_RECURSION = YES;
				CLANG_WARN_INT_CONVERSION = YES;
				CLANG_WARN_NON_LITERAL_NULL_CONVERSION = YES;
				CLANG_WARN_OBJC_IMPLICIT_RETAIN_SELF = YES;
				CLANG_WARN_OBJC_LITERAL_CONVERSION = YES;
				CLANG_WARN_OBJC_ROOT_CLASS = YES_ERROR;
				CLANG_WARN_QUOTED_INCLUDE_IN_FRAMEWORK_HEADER = YES;
				CLANG_WARN_RANGE_LOOP_ANALYSIS = YES;
				CLANG_WARN_STRICT_PROTOTYPES = YES;
				CLANG_WARN_SUSPICIOUS_MOVE = YES;
				CLANG_WARN_UNGUARDED_AVAILABILITY = YES_AGGRESSIVE;
				CLANG_WARN_UNREACHABLE_CODE = YES;
				CLANG_WARN__DUPLICATE_METHOD_MATCH = YES;
				COPY_PHASE_STRIP = NO;
				DEBUG_INFORMATION_FORMAT = "dwarf-with-dsym";
				ENABLE_NS_ASSERTIONS = NO;
				ENABLE_STRICT_OBJC_MSGSEND = YES;
				GCC_C_LANGUAGE_STANDARD = gnu11;
				GCC_NO_COMMON_BLOCKS = YES;
				GCC_WARN_64_TO_32_BIT_CONVERSION = YES;
				GCC_WARN_ABOUT_RETURN_TYPE = YES_ERROR;
				GCC_WARN_UNDECLARED_SELECTOR = YES;
				GCC_WARN_UNINITIALIZED_AUTOS = YES_AGGRESSIVE;
				GCC_WARN_UNUSED_FUNCTION = YES;
				GCC_WARN_UNUSED_VARIABLE = YES;
				IPHONEOS_DEPLOYMENT_TARGET = 16.1;
				MTL_ENABLE_DEBUG_INFO = NO;
				MTL_FAST_MATH = YES;
				SDKROOT = iphoneos;
				SWIFT_COMPILATION_MODE = wholemodule;
				SWIFT_OPTIMIZATION_LEVEL = "-O";
				VALIDATE_PRODUCT = YES;
			};
			name = Release;
		};
		AC9560A7297909D00071EC35 /* Debug */ = {
			isa = XCBuildConfiguration;
			buildSettings = {
				ASSETCATALOG_COMPILER_APPICON_NAME = AppIcon;
				ASSETCATALOG_COMPILER_GLOBAL_ACCENT_COLOR_NAME = AccentColor;
				CODE_SIGN_STYLE = Automatic;
				CURRENT_PROJECT_VERSION = 1;
				DEVELOPMENT_ASSET_PATHS = "\"TestCategoryApp/Preview Content\"";
				DEVELOPMENT_TEAM = LU893QGJWJ;
				ENABLE_PREVIEWS = YES;
				GENERATE_INFOPLIST_FILE = YES;
				INFOPLIST_KEY_UIApplicationSceneManifest_Generation = YES;
				INFOPLIST_KEY_UIApplicationSupportsIndirectInputEvents = YES;
				INFOPLIST_KEY_UILaunchScreen_Generation = YES;
				INFOPLIST_KEY_UISupportedInterfaceOrientations_iPad = "UIInterfaceOrientationPortrait UIInterfaceOrientationPortraitUpsideDown UIInterfaceOrientationLandscapeLeft UIInterfaceOrientationLandscapeRight";
				INFOPLIST_KEY_UISupportedInterfaceOrientations_iPhone = "UIInterfaceOrientationPortrait UIInterfaceOrientationLandscapeLeft UIInterfaceOrientationLandscapeRight";
				LD_RUNPATH_SEARCH_PATHS = (
					"$(inherited)",
					"@executable_path/Frameworks",
				);
				MARKETING_VERSION = 1.0;
				PRODUCT_BUNDLE_IDENTIFIER = Bhumika.TestCategoryApp;
				PRODUCT_NAME = "$(TARGET_NAME)";
				SWIFT_EMIT_LOC_STRINGS = YES;
				SWIFT_VERSION = 5.0;
				TARGETED_DEVICE_FAMILY = "1,2";
			};
			name = Debug;
		};
		AC9560A8297909D00071EC35 /* Release */ = {
			isa = XCBuildConfiguration;
			buildSettings = {
				ASSETCATALOG_COMPILER_APPICON_NAME = AppIcon;
				ASSETCATALOG_COMPILER_GLOBAL_ACCENT_COLOR_NAME = AccentColor;
				CODE_SIGN_STYLE = Automatic;
				CURRENT_PROJECT_VERSION = 1;
				DEVELOPMENT_ASSET_PATHS = "\"TestCategoryApp/Preview Content\"";
				DEVELOPMENT_TEAM = LU893QGJWJ;
				ENABLE_PREVIEWS = YES;
				GENERATE_INFOPLIST_FILE = YES;
				INFOPLIST_KEY_UIApplicationSceneManifest_Generation = YES;
				INFOPLIST_KEY_UIApplicationSupportsIndirectInputEvents = YES;
				INFOPLIST_KEY_UILaunchScreen_Generation = YES;
				INFOPLIST_KEY_UISupportedInterfaceOrientations_iPad = "UIInterfaceOrientationPortrait UIInterfaceOrientationPortraitUpsideDown UIInterfaceOrientationLandscapeLeft UIInterfaceOrientationLandscapeRight";
				INFOPLIST_KEY_UISupportedInterfaceOrientations_iPhone = "UIInterfaceOrientationPortrait UIInterfaceOrientationLandscapeLeft UIInterfaceOrientationLandscapeRight";
				LD_RUNPATH_SEARCH_PATHS = (
					"$(inherited)",
					"@executable_path/Frameworks",
				);
				MARKETING_VERSION = 1.0;
				PRODUCT_BUNDLE_IDENTIFIER = Bhumika.TestCategoryApp;
				PRODUCT_NAME = "$(TARGET_NAME)";
				SWIFT_EMIT_LOC_STRINGS = YES;
				SWIFT_VERSION = 5.0;
				TARGETED_DEVICE_FAMILY = "1,2";
			};
			name = Release;
		};
		AC9560AA297909D00071EC35 /* Debug */ = {
			isa = XCBuildConfiguration;
			buildSettings = {
				ALWAYS_EMBED_SWIFT_STANDARD_LIBRARIES = YES;
				BUNDLE_LOADER = "$(TEST_HOST)";
				CODE_SIGN_STYLE = Automatic;
				CURRENT_PROJECT_VERSION = 1;
				DEVELOPMENT_TEAM = LU893QGJWJ;
				GENERATE_INFOPLIST_FILE = YES;
				IPHONEOS_DEPLOYMENT_TARGET = 16.1;
				MARKETING_VERSION = 1.0;
				PRODUCT_BUNDLE_IDENTIFIER = Bhumika.TestCategoryAppTests;
				PRODUCT_NAME = "$(TARGET_NAME)";
				SWIFT_EMIT_LOC_STRINGS = NO;
				SWIFT_VERSION = 5.0;
				TARGETED_DEVICE_FAMILY = "1,2";
				TEST_HOST = "$(BUILT_PRODUCTS_DIR)/TestCategoryApp.app/$(BUNDLE_EXECUTABLE_FOLDER_PATH)/TestCategoryApp";
			};
			name = Debug;
		};
		AC9560AB297909D00071EC35 /* Release */ = {
			isa = XCBuildConfiguration;
			buildSettings = {
				ALWAYS_EMBED_SWIFT_STANDARD_LIBRARIES = YES;
				BUNDLE_LOADER = "$(TEST_HOST)";
				CODE_SIGN_STYLE = Automatic;
				CURRENT_PROJECT_VERSION = 1;
				DEVELOPMENT_TEAM = LU893QGJWJ;
				GENERATE_INFOPLIST_FILE = YES;
				IPHONEOS_DEPLOYMENT_TARGET = 16.1;
				MARKETING_VERSION = 1.0;
				PRODUCT_BUNDLE_IDENTIFIER = Bhumika.TestCategoryAppTests;
				PRODUCT_NAME = "$(TARGET_NAME)";
				SWIFT_EMIT_LOC_STRINGS = NO;
				SWIFT_VERSION = 5.0;
				TARGETED_DEVICE_FAMILY = "1,2";
				TEST_HOST = "$(BUILT_PRODUCTS_DIR)/TestCategoryApp.app/$(BUNDLE_EXECUTABLE_FOLDER_PATH)/TestCategoryApp";
			};
			name = Release;
		};
		AC9560AD297909D00071EC35 /* Debug */ = {
			isa = XCBuildConfiguration;
			buildSettings = {
				ALWAYS_EMBED_SWIFT_STANDARD_LIBRARIES = YES;
				CODE_SIGN_STYLE = Automatic;
				CURRENT_PROJECT_VERSION = 1;
				DEVELOPMENT_TEAM = LU893QGJWJ;
				GENERATE_INFOPLIST_FILE = YES;
				MARKETING_VERSION = 1.0;
				PRODUCT_BUNDLE_IDENTIFIER = Bhumika.TestCategoryAppUITests;
				PRODUCT_NAME = "$(TARGET_NAME)";
				SWIFT_EMIT_LOC_STRINGS = NO;
				SWIFT_VERSION = 5.0;
				TARGETED_DEVICE_FAMILY = "1,2";
				TEST_TARGET_NAME = TestCategoryApp;
			};
			name = Debug;
		};
		AC9560AE297909D00071EC35 /* Release */ = {
			isa = XCBuildConfiguration;
			buildSettings = {
				ALWAYS_EMBED_SWIFT_STANDARD_LIBRARIES = YES;
				CODE_SIGN_STYLE = Automatic;
				CURRENT_PROJECT_VERSION = 1;
				DEVELOPMENT_TEAM = LU893QGJWJ;
				GENERATE_INFOPLIST_FILE = YES;
				MARKETING_VERSION = 1.0;
				PRODUCT_BUNDLE_IDENTIFIER = Bhumika.TestCategoryAppUITests;
				PRODUCT_NAME = "$(TARGET_NAME)";
				SWIFT_EMIT_LOC_STRINGS = NO;
				SWIFT_VERSION = 5.0;
				TARGETED_DEVICE_FAMILY = "1,2";
				TEST_TARGET_NAME = TestCategoryApp;
			};
			name = Release;
		};
/* End XCBuildConfiguration section */

/* Begin XCConfigurationList section */
		AC956078297909CF0071EC35 /* Build configuration list for PBXProject "TestCategoryApp" */ = {
			isa = XCConfigurationList;
			buildConfigurations = (
				AC9560A4297909D00071EC35 /* Debug */,
				AC9560A5297909D00071EC35 /* Release */,
			);
			defaultConfigurationIsVisible = 0;
			defaultConfigurationName = Release;
		};
		AC9560A6297909D00071EC35 /* Build configuration list for PBXNativeTarget "TestCategoryApp" */ = {
			isa = XCConfigurationList;
			buildConfigurations = (
				AC9560A7297909D00071EC35 /* Debug */,
				AC9560A8297909D00071EC35 /* Release */,
			);
			defaultConfigurationIsVisible = 0;
			defaultConfigurationName = Release;
		};
		AC9560A9297909D00071EC35 /* Build configuration list for PBXNativeTarget "TestCategoryAppTests" */ = {
			isa = XCConfigurationList;
			buildConfigurations = (
				AC9560AA297909D00071EC35 /* Debug */,
				AC9560AB297909D00071EC35 /* Release */,
			);
			defaultConfigurationIsVisible = 0;
			defaultConfigurationName = Release;
		};
		AC9560AC297909D00071EC35 /* Build configuration list for PBXNativeTarget "TestCategoryAppUITests" */ = {
			isa = XCConfigurationList;
			buildConfigurations = (
				AC9560AD297909D00071EC35 /* Debug */,
				AC9560AE297909D00071EC35 /* Release */,
			);
			defaultConfigurationIsVisible = 0;
			defaultConfigurationName = Release;
		};
/* End XCConfigurationList section */

/* Begin XCVersionGroup section */
		AC95608B297909D00071EC35 /* TestCategoryApp.xcdatamodeld */ = {
			isa = XCVersionGroup;
			children = (
				AC95608C297909D00071EC35 /* TestCategoryApp.xcdatamodel */,
			);
			currentVersion = AC95608C297909D00071EC35 /* TestCategoryApp.xcdatamodel */;
			path = TestCategoryApp.xcdatamodeld;
			sourceTree = "<group>";
			versionGroupType = wrapper.xcdatamodel;
		};
/* End XCVersionGroup section */
	};
	rootObject = AC956075297909CF0071EC35 /* Project object */;
}
